
Microsoft Visual Studio Solution File, Format Version 12.00
# Visual Studio Version 16
VisualStudioVersion = 16.0.30204.135
MinimumVisualStudioVersion = 10.0.40219.1
Project("{8BC9CEB8-8B4A-11D0-8D11-00A0C91BC942}") = "CC_LSGO2013benchmark", "CC_LSGO2013benchmark.vcxproj", "{3C81CE92-E7F9-40EE-857F-CE91F64E93B3}"
EndProject
Global
	GlobalSection(SolutionConfigurationPlatforms) = preSolution
		Debug|x64 = Debug|x64
		Debug|x86 = Debug|x86
		Release|x64 = Release|x64
		Release|x86 = Release|x86
	EndGlobalSection
	GlobalSection(ProjectConfigurationPlatforms) = postSolution
		{3C81CE92-E7F9-40EE-857F-CE91F64E93B3}.Debug|x64.ActiveCfg = Debug|x64
		{3C81CE92-E7F9-40EE-857F-CE91F64E93B3}.Debug|x64.Build.0 = Debug|x64
		{3C81CE92-E7F9-40EE-857F-CE91F64E93B3}.Debug|x86.ActiveCfg = Debug|Win32
		{3C81CE92-E7F9-40EE-857F-CE91F64E93B3}.Debug|x86.Build.0 = Debug|Win32
		{3C81CE92-E7F9-40EE-857F-CE91F64E93B3}.Release|x64.ActiveCfg = Release|x64
		{3C81CE92-E7F9-40EE-857F-CE91F64E93B3}.Release|x64.Build.0 = Release|x64
		{3C81CE92-E7F9-40EE-857F-CE91F64E93B3}.Release|x86.ActiveCfg = Release|Win32
		{3C81CE92-E7F9-40EE-857F-CE91F64E93B3}.Release|x86.Build.0 = Release|Win32
	EndGlobalSection
	GlobalSection(SolutionProperties) = preSolution
		HideSolutionNode = FALSE
	EndGlobalSection
	GlobalSection(ExtensibilityGlobals) = postSolution
		SolutionGuid = {FCEF52DE-0CC9-465D-A368-67FED5F1F380}
	EndGlobalSection
EndGlobal
